<?xml version="1.0" encoding="utf-8"?>
<Project ToolsVersion="4.0" xmlns="http://schemas.microsoft.com/developer/msbuild/2003">
  <ItemGroup>
    <Filter Include="Fichiers sources">
      <UniqueIdentifier>{4FC737F1-C7A5-4376-A066-2A32D752A2FF}</UniqueIdentifier>
      <Extensions>cpp;c;cc;cxx;c++;cppm;ixx;def;odl;idl;hpj;bat;asm;asmx</Extensions>
    </Filter>
    <Filter Include="Fichiers d%27en-tête">
      <UniqueIdentifier>{93995380-89BD-4b04-88EB-625FBE52EBFB}</UniqueIdentifier>
      <Extensions>h;hh;hpp;hxx;h++;hm;inl;inc;ipp;xsd</Extensions>
    </Filter>
    <Filter Include="Fichiers de ressources">
      <UniqueIdentifier>{67DA6AB6-F800-4c08-8B7A-83BB121AAD01}</UniqueIdentifier>
      <Extensions>rc;ico;cur;bmp;dlg;rc2;rct;bin;rgs;gif;jpg;jpeg;jpe;resx;tiff;tif;png;wav;mfcribbon-ms</Extensions>
    </Filter>
  </ItemGroup>
  <ItemGroup>
    <ClInclude Include="Include\gzip\compress.hpp">
      <Filter>Fichiers d%27en-tête</Filter>
    </ClInclude>
    <ClInclude Include="Include\gzip\config.hpp">
      <Filter>Fichiers d%27en-tête</Filter>
    </ClInclude>
    <ClInclude Include="Include\gzip\decompress.hpp">
      <Filter>Fichiers d%27en-tête</Filter>
    </ClInclude>
    <ClInclude Include="Include\gzip\utils.hpp">
      <Filter>Fichiers d%27en-tête</Filter>
    </ClInclude>
    <ClInclude Include="Include\gzip\version.hpp">
      <Filter>Fichiers d%27en-tête</Filter>
    </ClInclude>
    <ClInclude Include="Include\cpp_nbt\nbt.hpp">
      <Filter>Fichiers d%27en-tête</Filter>
    </ClInclude>
    <ClInclude Include="Header\lodepng.h">
      <Filter>Fichiers d%27en-tête</Filter>
    </ClInclude>
    <ClInclude Include="Header\Utils.h">
      <Filter>Fichiers d%27en-tête</Filter>
    </ClInclude>
    <ClInclude Include="Header\nbtBuilder.h">
      <Filter>Fichiers d%27en-tête</Filter>
    </ClInclude>
    <ClInclude Include="Vendor\Include\zlibLibzip\bzlib.h">
      <Filter>Fichiers d%27en-tête</Filter>
    </ClInclude>
    <ClInclude Include="Vendor\Include\zlibLibzip\zconf.h">
      <Filter>Fichiers d%27en-tête</Filter>
    </ClInclude>
    <ClInclude Include="Vendor\Include\zlibLibzip\zip.h">
      <Filter>Fichiers d%27en-tête</Filter>
    </ClInclude>
    <ClInclude Include="Vendor\Include\zlibLibzip\zipconf.h">
      <Filter>Fichiers d%27en-tête</Filter>
    </ClInclude>
    <ClInclude Include="Vendor\Include\zlibLibzip\zlib.h">
      <Filter>Fichiers d%27en-tête</Filter>
    </ClInclude>
    <ClInclude Include="Vendor\Include\libnbtplusplus\include\crtp_tag.h">
      <Filter>Fichiers d%27en-tête</Filter>
    </ClInclude>
    <ClInclude Include="Vendor\Include\libnbtplusplus\include\endian_str.h">
      <Filter>Fichiers d%27en-tête</Filter>
    </ClInclude>
    <ClInclude Include="Vendor\Include\libnbtplusplus\include\make_unique.h">
      <Filter>Fichiers d%27en-tête</Filter>
    </ClInclude>
    <ClInclude Include="Vendor\Include\libnbtplusplus\include\nbt_tags.h">
      <Filter>Fichiers d%27en-tête</Filter>
    </ClInclude>
    <ClInclude Include="Vendor\Include\libnbtplusplus\include\nbt_visitor.h">
      <Filter>Fichiers d%27en-tête</Filter>
    </ClInclude>
    <ClInclude Include="Vendor\Include\libnbtplusplus\include\primitive_detail.h">
      <Filter>Fichiers d%27en-tête</Filter>
    </ClInclude>
    <ClInclude Include="Vendor\Include\libnbtplusplus\include\tag.h">
      <Filter>Fichiers d%27en-tête</Filter>
    </ClInclude>
    <ClInclude Include="Vendor\Include\libnbtplusplus\include\tag_array.h">
      <Filter>Fichiers d%27en-tête</Filter>
    </ClInclude>
    <ClInclude Include="Vendor\Include\libnbtplusplus\include\tag_compound.h">
      <Filter>Fichiers d%27en-tête</Filter>
    </ClInclude>
    <ClInclude Include="Vendor\Include\libnbtplusplus\include\tag_list.h">
      <Filter>Fichiers d%27en-tête</Filter>
    </ClInclude>
    <ClInclude Include="Vendor\Include\libnbtplusplus\include\tag_primitive.h">
      <Filter>Fichiers d%27en-tête</Filter>
    </ClInclude>
    <ClInclude Include="Vendor\Include\libnbtplusplus\include\tag_string.h">
      <Filter>Fichiers d%27en-tête</Filter>
    </ClInclude>
    <ClInclude Include="Vendor\Include\libnbtplusplus\include\tagfwd.h">
      <Filter>Fichiers d%27en-tête</Filter>
    </ClInclude>
    <ClInclude Include="Vendor\Include\libnbtplusplus\include\value.h">
      <Filter>Fichiers d%27en-tête</Filter>
    </ClInclude>
    <ClInclude Include="Vendor\Include\libnbtplusplus\include\value_initializer.h">
      <Filter>Fichiers d%27en-tête</Filter>
    </ClInclude>
    <ClInclude Include="Vendor\Include\libnbtplusplus\include\io\izlibstream.h">
      <Filter>Fichiers d%27en-tête</Filter>
    </ClInclude>
    <ClInclude Include="Vendor\Include\libnbtplusplus\include\io\ozlibstream.h">
      <Filter>Fichiers d%27en-tête</Filter>
    </ClInclude>
    <ClInclude Include="Vendor\Include\libnbtplusplus\include\io\stream_reader.h">
      <Filter>Fichiers d%27en-tête</Filter>
    </ClInclude>
    <ClInclude Include="Vendor\Include\libnbtplusplus\include\io\stream_writer.h">
      <Filter>Fichiers d%27en-tête</Filter>
    </ClInclude>
    <ClInclude Include="Vendor\Include\libnbtplusplus\include\io\zlib_streambuf.h">
      <Filter>Fichiers d%27en-tête</Filter>
    </ClInclude>
    <ClInclude Include="Vendor\Include\libnbtplusplus\include\text\json_formatter.h">
      <Filter>Fichiers d%27en-tête</Filter>
    </ClInclude>
    <ClInclude Include="Vendor\Include\libnbtplusplus\include\nbt_export.h">
      <Filter>Fichiers d%27en-tête</Filter>
    </ClInclude>
    <ClInclude Include="Header\assets.h">
      <Filter>Fichiers d%27en-tête</Filter>
    </ClInclude>
  </ItemGroup>
  <ItemGroup>
    <ClCompile Include="Source\lodepng.cpp">
      <Filter>Fichiers sources</Filter>
    </ClCompile>
    <ClCompile Include="Source\main.cpp">
      <Filter>Fichiers sources</Filter>
    </ClCompile>
    <ClCompile Include="Source\nbtBuilder.cpp">
      <Filter>Fichiers sources</Filter>
    </ClCompile>
    <ClCompile Include="Source\Utils.cpp">
      <Filter>Fichiers sources</Filter>
    </ClCompile>
    <ClCompile Include="Source\libnbtplusplus\endian_str.cpp">
      <Filter>Fichiers sources</Filter>
    </ClCompile>
    <ClCompile Include="Source\libnbtplusplus\tag.cpp">
      <Filter>Fichiers sources</Filter>
    </ClCompile>
    <ClCompile Include="Source\libnbtplusplus\tag_compound.cpp">
      <Filter>Fichiers sources</Filter>
    </ClCompile>
    <ClCompile Include="Source\libnbtplusplus\tag_list.cpp">
      <Filter>Fichiers sources</Filter>
    </ClCompile>
    <ClCompile Include="Source\libnbtplusplus\tag_string.cpp">
      <Filter>Fichiers sources</Filter>
    </ClCompile>
    <ClCompile Include="Source\libnbtplusplus\value.cpp">
      <Filter>Fichiers sources</Filter>
    </ClCompile>
    <ClCompile Include="Source\libnbtplusplus\value_initializer.cpp">
      <Filter>Fichiers sources</Filter>
    </ClCompile>
    <ClCompile Include="Source\libnbtplusplus\io\izlibstream.cpp">
      <Filter>Fichiers sources</Filter>
    </ClCompile>
    <ClCompile Include="Source\libnbtplusplus\io\ozlibstream.cpp">
      <Filter>Fichiers sources</Filter>
    </ClCompile>
    <ClCompile Include="Source\libnbtplusplus\io\stream_reader.cpp">
      <Filter>Fichiers sources</Filter>
    </ClCompile>
    <ClCompile Include="Source\libnbtplusplus\io\stream_writer.cpp">
      <Filter>Fichiers sources</Filter>
    </ClCompile>
    <ClCompile Include="Source\libnbtplusplus\text\json_formatter.cpp">
      <Filter>Fichiers sources</Filter>
    </ClCompile>
    <ClCompile Include="Source\assets.cpp">
      <Filter>Fichiers sources</Filter>
    </ClCompile>
  </ItemGroup>
  <ItemGroup>
    <Library Include="Vendor\Libraries\bz2.lib" />
    <Library Include="Vendor\Libraries\z.lib" />
    <Library Include="Vendor\Libraries\zip.lib" />
  </ItemGroup>
</Project>